{
  "name": "systemlabs",
  "version": "1.0.0",
  "lockfileVersion": 1,
  "requires": true,
  "dependencies": {
    "big.js": {
      "version": "6.1.1",
      "resolved": "https://registry.npmjs.org/big.js/-/big.js-6.1.1.tgz",
      "integrity": "sha512-1vObw81a8ylZO5ePrtMay0n018TcftpTA5HFKDaSuiUDBo8biRBtjIobw60OpwuvrGk+FsxKamqN4cnmj/eXdg=="
    },
    "bignumber": {
      "version": "1.1.0",
      "resolved": "https://registry.npmjs.org/bignumber/-/bignumber-1.1.0.tgz",
      "integrity": "sha1-5qsKdD2l8+oBjlwXWX0SH3howVk="
    },
    "node-forge": {
      "version": "1.2.0",
      "resolved": "https://registry.npmjs.org/node-forge/-/node-forge-1.2.0.tgz",
      "integrity": "sha512-M4AsdaP0bGNaSPtatd/+f76asocI0cFaURRdeQVZvrJBrYp2Qohv5hDbGHykuNqCb1BYjWHjdS6HlN50qbztwA=="
    }
  }
}
